// !$*UTF8*$!
{
	archiveVersion = 1;
	classes = {
	};
	objectVersion = 46;
	objects = {

/* Begin PBXBuildFile section */
		3DBBE05713A0E5B070B970A2 /* libPods.a in Frameworks */ = {isa = PBXBuildFile; fileRef = 5AC4C1BB2DB5B3F16B161AF9 /* libPods.a */; };
		B176F58C1DB4B769008D91F2 /* main.m in Sources */ = {isa = PBXBuildFile; fileRef = B176F58B1DB4B769008D91F2 /* main.m */; };
		B176F5971DB4B769008D91F2 /* Assets.xcassets in Resources */ = {isa = PBXBuildFile; fileRef = B176F5961DB4B769008D91F2 /* Assets.xcassets */; };
		B176F59A1DB4B769008D91F2 /* LaunchScreen.storyboard in Resources */ = {isa = PBXBuildFile; fileRef = B176F5981DB4B769008D91F2 /* LaunchScreen.storyboard */; };
		B1EBB0BB1DB4B8FD000C8717 /* AppDelegate.m in Sources */ = {isa = PBXBuildFile; fileRef = B1EBB0B81DB4B8FD000C8717 /* AppDelegate.m */; };
		B1EBB0BC1DB4B8FD000C8717 /* Info.plist in Resources */ = {isa = PBXBuildFile; fileRef = B1EBB0B91DB4B8FD000C8717 /* Info.plist */; };
		B1EBB0CB1DB4D2B4000C8717 /* KDGuillotineMenu.m in Sources */ = {isa = PBXBuildFile; fileRef = B1EBB0CA1DB4D2B4000C8717 /* KDGuillotineMenu.m */; };
		B1EBB1021DB5BBE1000C8717 /* libHyphenateFullSDK.a in Frameworks */ = {isa = PBXBuildFile; fileRef = B1EBB1011DB5BBE1000C8717 /* libHyphenateFullSDK.a */; };
		B1EBB1041DB5BC2C000C8717 /* CoreMedia.framework in Frameworks */ = {isa = PBXBuildFile; fileRef = B1EBB1031DB5BC2C000C8717 /* CoreMedia.framework */; };
		B1EBB1061DB5BC37000C8717 /* AudioToolbox.framework in Frameworks */ = {isa = PBXBuildFile; fileRef = B1EBB1051DB5BC37000C8717 /* AudioToolbox.framework */; };
		B1EBB1081DB5BC40000C8717 /* AVFoundation.framework in Frameworks */ = {isa = PBXBuildFile; fileRef = B1EBB1071DB5BC40000C8717 /* AVFoundation.framework */; };
		B1EBB10A1DB5BC51000C8717 /* MobileCoreServices.framework in Frameworks */ = {isa = PBXBuildFile; fileRef = B1EBB1091DB5BC51000C8717 /* MobileCoreServices.framework */; };
		B1EBB10C1DB5BC59000C8717 /* ImageIO.framework in Frameworks */ = {isa = PBXBuildFile; fileRef = B1EBB10B1DB5BC59000C8717 /* ImageIO.framework */; };
		B1EBB10E1DB5BC70000C8717 /* libc++.tbd in Frameworks */ = {isa = PBXBuildFile; fileRef = B1EBB10D1DB5BC70000C8717 /* libc++.tbd */; };
		B1EBB1101DB5BC7A000C8717 /* libz.tbd in Frameworks */ = {isa = PBXBuildFile; fileRef = B1EBB10F1DB5BC7A000C8717 /* libz.tbd */; };
		B1EBB1121DB5BC88000C8717 /* libstdc++.6.0.9.tbd in Frameworks */ = {isa = PBXBuildFile; fileRef = B1EBB1111DB5BC88000C8717 /* libstdc++.6.0.9.tbd */; };
		B1EBB1141DB5BC90000C8717 /* libsqlite3.tbd in Frameworks */ = {isa = PBXBuildFile; fileRef = B1EBB1131DB5BC90000C8717 /* libsqlite3.tbd */; };
		B1EBB1161DB5BC9E000C8717 /* libiconv.tbd in Frameworks */ = {isa = PBXBuildFile; fileRef = B1EBB1151DB5BC9E000C8717 /* libiconv.tbd */; };
		B1EBB11D1DB5C0E9000C8717 /* CCDraggableCardView.m in Sources */ = {isa = PBXBuildFile; fileRef = B1EBB1191DB5C0E9000C8717 /* CCDraggableCardView.m */; };
		B1EBB11E1DB5C0E9000C8717 /* CCDraggableContainer.m in Sources */ = {isa = PBXBuildFile; fileRef = B1EBB11C1DB5C0E9000C8717 /* CCDraggableContainer.m */; };
		B1EBB1211DB5C15C000C8717 /* CustomCardView.m in Sources */ = {isa = PBXBuildFile; fileRef = B1EBB1201DB5C15C000C8717 /* CustomCardView.m */; };
		B1EBB13D1DB72BA0000C8717 /* UIImage+KDimage.m in Sources */ = {isa = PBXBuildFile; fileRef = B1EBB13C1DB72BA0000C8717 /* UIImage+KDimage.m */; };
		B1EBB1451DB75262000C8717 /* KDUser.m in Sources */ = {isa = PBXBuildFile; fileRef = B1EBB1441DB75262000C8717 /* KDUser.m */; };
		B1EBB1651DB8A489000C8717 /* KDLoginViewController.m in Sources */ = {isa = PBXBuildFile; fileRef = B1EBB1481DB8A489000C8717 /* KDLoginViewController.m */; };
		B1EBB1661DB8A489000C8717 /* KDLogViewController.m in Sources */ = {isa = PBXBuildFile; fileRef = B1EBB14A1DB8A489000C8717 /* KDLogViewController.m */; };
		B1EBB1671DB8A489000C8717 /* KDLogViewController.storyboard in Resources */ = {isa = PBXBuildFile; fileRef = B1EBB14B1DB8A489000C8717 /* KDLogViewController.storyboard */; };
		B1EBB1681DB8A489000C8717 /* KDRegisterViewController.m in Sources */ = {isa = PBXBuildFile; fileRef = B1EBB14D1DB8A489000C8717 /* KDRegisterViewController.m */; };
		B1EBB1691DB8A489000C8717 /* KDRegisterViewController.storyboard in Resources */ = {isa = PBXBuildFile; fileRef = B1EBB14E1DB8A489000C8717 /* KDRegisterViewController.storyboard */; };
		B1EBB16A1DB8A489000C8717 /* KDMainViewController.m in Sources */ = {isa = PBXBuildFile; fileRef = B1EBB1511DB8A489000C8717 /* KDMainViewController.m */; };
		B1EBB16B1DB8A489000C8717 /* KDMessageViewController.m in Sources */ = {isa = PBXBuildFile; fileRef = B1EBB1541DB8A489000C8717 /* KDMessageViewController.m */; };
		B1EBB16C1DB8A489000C8717 /* KDMessageViewController.storyboard in Resources */ = {isa = PBXBuildFile; fileRef = B1EBB1551DB8A489000C8717 /* KDMessageViewController.storyboard */; };
		B1EBB16D1DB8A489000C8717 /* KDProfileViewController.m in Sources */ = {isa = PBXBuildFile; fileRef = B1EBB1581DB8A489000C8717 /* KDProfileViewController.m */; };
		B1EBB16E1DB8A489000C8717 /* KDProfileViewController.storyboard in Resources */ = {isa = PBXBuildFile; fileRef = B1EBB1591DB8A489000C8717 /* KDProfileViewController.storyboard */; };
		B1EBB16F1DB8A489000C8717 /* KDProjectCell.m in Sources */ = {isa = PBXBuildFile; fileRef = B1EBB15B1DB8A489000C8717 /* KDProjectCell.m */; };
		B1EBB1701DB8A489000C8717 /* KDProjectCell.xib in Resources */ = {isa = PBXBuildFile; fileRef = B1EBB15C1DB8A489000C8717 /* KDProjectCell.xib */; };
		B1EBB1711DB8A489000C8717 /* KDSettingViewController.m in Sources */ = {isa = PBXBuildFile; fileRef = B1EBB15F1DB8A489000C8717 /* KDSettingViewController.m */; };
		B1EBB1721DB8A489000C8717 /* KDSettingViewController.storyboard in Resources */ = {isa = PBXBuildFile; fileRef = B1EBB1601DB8A489000C8717 /* KDSettingViewController.storyboard */; };
		B1EBB1731DB8A489000C8717 /* KDSouSouViewController.m in Sources */ = {isa = PBXBuildFile; fileRef = B1EBB1631DB8A489000C8717 /* KDSouSouViewController.m */; };
		B1EBB1741DB8A489000C8717 /* KDSouSouViewController.storyboard in Resources */ = {isa = PBXBuildFile; fileRef = B1EBB1641DB8A489000C8717 /* KDSouSouViewController.storyboard */; };
		B1EBB1771DB8A560000C8717 /* KDPhoto.m in Sources */ = {isa = PBXBuildFile; fileRef = B1EBB1761DB8A560000C8717 /* KDPhoto.m */; };
		B1EBB17A1DB8B3DB000C8717 /* KDInfoViewController.m in Sources */ = {isa = PBXBuildFile; fileRef = B1EBB1791DB8B3DB000C8717 /* KDInfoViewController.m */; };
		B1EBB17C1DB8B712000C8717 /* KDInfoViewController.storyboard in Resources */ = {isa = PBXBuildFile; fileRef = B1EBB17B1DB8B712000C8717 /* KDInfoViewController.storyboard */; };
		B1EBB17F1DB8C5B9000C8717 /* KDScrollViews.m in Sources */ = {isa = PBXBuildFile; fileRef = B1EBB17E1DB8C5B9000C8717 /* KDScrollViews.m */; };
		B1EBB1831DB9BE0C000C8717 /* KDMessageCell.m in Sources */ = {isa = PBXBuildFile; fileRef = B1EBB1811DB9BE0C000C8717 /* KDMessageCell.m */; };
		B1EBB1841DB9BE0C000C8717 /* KDMessageCell.xib in Resources */ = {isa = PBXBuildFile; fileRef = B1EBB1821DB9BE0C000C8717 /* KDMessageCell.xib */; };
		B1EBB1871DB9C121000C8717 /* KDMessageModel.m in Sources */ = {isa = PBXBuildFile; fileRef = B1EBB1861DB9C121000C8717 /* KDMessageModel.m */; };
		B1EBB18A1DB9C54A000C8717 /* XMGChatController.m in Sources */ = {isa = PBXBuildFile; fileRef = B1EBB1891DB9C54A000C8717 /* XMGChatController.m */; };
		B1EBB1921DB9C591000C8717 /* XMGChat.m in Sources */ = {isa = PBXBuildFile; fileRef = B1EBB1911DB9C591000C8717 /* XMGChat.m */; };
		B1EBB1951DB9C59F000C8717 /* XMGChatFrame.m in Sources */ = {isa = PBXBuildFile; fileRef = B1EBB1941DB9C59F000C8717 /* XMGChatFrame.m */; };
		B1EBB1981DB9C5AF000C8717 /* XMGChatCell.m in Sources */ = {isa = PBXBuildFile; fileRef = B1EBB1971DB9C5AF000C8717 /* XMGChatCell.m */; };
		B1EBB19B1DB9C5B9000C8717 /* XMGMoreInputKeyboardView.m in Sources */ = {isa = PBXBuildFile; fileRef = B1EBB19A1DB9C5B9000C8717 /* XMGMoreInputKeyboardView.m */; };
		B1EBB19E1DB9C601000C8717 /* XMGLongPressBtn.m in Sources */ = {isa = PBXBuildFile; fileRef = B1EBB19D1DB9C601000C8717 /* XMGLongPressBtn.m */; };
		B1EBB1A31DB9C60F000C8717 /* NSString+YFTimestamp.m in Sources */ = {isa = PBXBuildFile; fileRef = B1EBB1A01DB9C60F000C8717 /* NSString+YFTimestamp.m */; };
		B1EBB1A41DB9C60F000C8717 /* UIImage+YFResizing.m in Sources */ = {isa = PBXBuildFile; fileRef = B1EBB1A21DB9C60F000C8717 /* UIImage+YFResizing.m */; };
		B1EBB1A81DBA11F4000C8717 /* XMGInputView.m in Sources */ = {isa = PBXBuildFile; fileRef = B1EBB1A61DBA11F4000C8717 /* XMGInputView.m */; };
		B1EBB1A91DBA11F4000C8717 /* XMGInputView.xib in Resources */ = {isa = PBXBuildFile; fileRef = B1EBB1A71DBA11F4000C8717 /* XMGInputView.xib */; };
		B1EBB1AD1DBA15A0000C8717 /* KDDataTool.m in Sources */ = {isa = PBXBuildFile; fileRef = B1EBB1AC1DBA15A0000C8717 /* KDDataTool.m */; };
		B1EBB1B01DBA16BD000C8717 /* KDDataModel.m in Sources */ = {isa = PBXBuildFile; fileRef = B1EBB1AF1DBA16BD000C8717 /* KDDataModel.m */; };
		B1EBB1B31DBDAFF3000C8717 /* HttpTool.m in Sources */ = {isa = PBXBuildFile; fileRef = B1EBB1B21DBDAFF3000C8717 /* HttpTool.m */; };
/* End PBXBuildFile section */

/* Begin PBXFileReference section */
		5AC4C1BB2DB5B3F16B161AF9 /* libPods.a */ = {isa = PBXFileReference; explicitFileType = archive.ar; includeInIndex = 0; path = libPods.a; sourceTree = BUILT_PRODUCTS_DIR; };
		B176F5871DB4B769008D91F2 /* tantanIM.app */ = {isa = PBXFileReference; explicitFileType = wrapper.application; includeInIndex = 0; path = tantanIM.app; sourceTree = BUILT_PRODUCTS_DIR; };
		B176F58B1DB4B769008D91F2 /* main.m */ = {isa = PBXFileReference; lastKnownFileType = sourcecode.c.objc; path = main.m; sourceTree = "<group>"; };
		B176F5961DB4B769008D91F2 /* Assets.xcassets */ = {isa = PBXFileReference; lastKnownFileType = folder.assetcatalog; path = Assets.xcassets; sourceTree = "<group>"; };
		B176F5991DB4B769008D91F2 /* Base */ = {isa = PBXFileReference; lastKnownFileType = file.storyboard; name = Base; path = Base.lproj/LaunchScreen.storyboard; sourceTree = "<group>"; };
		B1EBB0B71DB4B8FD000C8717 /* AppDelegate.h */ = {isa = PBXFileReference; fileEncoding = 4; lastKnownFileType = sourcecode.c.h; path = AppDelegate.h; sourceTree = "<group>"; };
		B1EBB0B81DB4B8FD000C8717 /* AppDelegate.m */ = {isa = PBXFileReference; fileEncoding = 4; lastKnownFileType = sourcecode.c.objc; path = AppDelegate.m; sourceTree = "<group>"; };
		B1EBB0B91DB4B8FD000C8717 /* Info.plist */ = {isa = PBXFileReference; fileEncoding = 4; lastKnownFileType = text.plist.xml; path = Info.plist; sourceTree = "<group>"; };
		B1EBB0C91DB4D2B4000C8717 /* KDGuillotineMenu.h */ = {isa = PBXFileReference; fileEncoding = 4; lastKnownFileType = sourcecode.c.h; path = KDGuillotineMenu.h; sourceTree = "<group>"; };
		B1EBB0CA1DB4D2B4000C8717 /* KDGuillotineMenu.m */ = {isa = PBXFileReference; fileEncoding = 4; lastKnownFileType = sourcecode.c.objc; path = KDGuillotineMenu.m; sourceTree = "<group>"; };
		B1EBB0DA1DB5BBE1000C8717 /* EMCallLocalView.h */ = {isa = PBXFileReference; fileEncoding = 4; lastKnownFileType = sourcecode.c.h; path = EMCallLocalView.h; sourceTree = "<group>"; };
		B1EBB0DB1DB5BBE1000C8717 /* EMCallManagerDelegate.h */ = {isa = PBXFileReference; fileEncoding = 4; lastKnownFileType = sourcecode.c.h; path = EMCallManagerDelegate.h; sourceTree = "<group>"; };
		B1EBB0DC1DB5BBE1000C8717 /* EMCallRemoteView.h */ = {isa = PBXFileReference; fileEncoding = 4; lastKnownFileType = sourcecode.c.h; path = EMCallRemoteView.h; sourceTree = "<group>"; };
		B1EBB0DD1DB5BBE1000C8717 /* EMCallSession.h */ = {isa = PBXFileReference; fileEncoding = 4; lastKnownFileType = sourcecode.c.h; path = EMCallSession.h; sourceTree = "<group>"; };
		B1EBB0DE1DB5BBE1000C8717 /* EMChatManagerDelegate.h */ = {isa = PBXFileReference; fileEncoding = 4; lastKnownFileType = sourcecode.c.h; path = EMChatManagerDelegate.h; sourceTree = "<group>"; };
		B1EBB0DF1DB5BBE1000C8717 /* EMChatroom.h */ = {isa = PBXFileReference; fileEncoding = 4; lastKnownFileType = sourcecode.c.h; path = EMChatroom.h; sourceTree = "<group>"; };
		B1EBB0E01DB5BBE1000C8717 /* EMChatroomManagerDelegate.h */ = {isa = PBXFileReference; fileEncoding = 4; lastKnownFileType = sourcecode.c.h; path = EMChatroomManagerDelegate.h; sourceTree = "<group>"; };
		B1EBB0E11DB5BBE1000C8717 /* EMClient+Call.h */ = {isa = PBXFileReference; fileEncoding = 4; lastKnownFileType = sourcecode.c.h; path = "EMClient+Call.h"; sourceTree = "<group>"; };
		B1EBB0E21DB5BBE1000C8717 /* EMClient.h */ = {isa = PBXFileReference; fileEncoding = 4; lastKnownFileType = sourcecode.c.h; path = EMClient.h; sourceTree = "<group>"; };
		B1EBB0E31DB5BBE1000C8717 /* EMClientDelegate.h */ = {isa = PBXFileReference; fileEncoding = 4; lastKnownFileType = sourcecode.c.h; path = EMClientDelegate.h; sourceTree = "<group>"; };
		B1EBB0E41DB5BBE1000C8717 /* EMCmdMessageBody.h */ = {isa = PBXFileReference; fileEncoding = 4; lastKnownFileType = sourcecode.c.h; path = EMCmdMessageBody.h; sourceTree = "<group>"; };
		B1EBB0E51DB5BBE1000C8717 /* EMContactManagerDelegate.h */ = {isa = PBXFileReference; fileEncoding = 4; lastKnownFileType = sourcecode.c.h; path = EMContactManagerDelegate.h; sourceTree = "<group>"; };
		B1EBB0E61DB5BBE1000C8717 /* EMConversation.h */ = {isa = PBXFileReference; fileEncoding = 4; lastKnownFileType = sourcecode.c.h; path = EMConversation.h; sourceTree = "<group>"; };
		B1EBB0E71DB5BBE1000C8717 /* EMCursorResult.h */ = {isa = PBXFileReference; fileEncoding = 4; lastKnownFileType = sourcecode.c.h; path = EMCursorResult.h; sourceTree = "<group>"; };
		B1EBB0E81DB5BBE1000C8717 /* EMError.h */ = {isa = PBXFileReference; fileEncoding = 4; lastKnownFileType = sourcecode.c.h; path = EMError.h; sourceTree = "<group>"; };
		B1EBB0E91DB5BBE1000C8717 /* EMErrorCode.h */ = {isa = PBXFileReference; fileEncoding = 4; lastKnownFileType = sourcecode.c.h; path = EMErrorCode.h; sourceTree = "<group>"; };
		B1EBB0EA1DB5BBE1000C8717 /* EMFileMessageBody.h */ = {isa = PBXFileReference; fileEncoding = 4; lastKnownFileType = sourcecode.c.h; path = EMFileMessageBody.h; sourceTree = "<group>"; };
		B1EBB0EB1DB5BBE1000C8717 /* EMGroup.h */ = {isa = PBXFileReference; fileEncoding = 4; lastKnownFileType = sourcecode.c.h; path = EMGroup.h; sourceTree = "<group>"; };
		B1EBB0EC1DB5BBE1000C8717 /* EMGroupManagerDelegate.h */ = {isa = PBXFileReference; fileEncoding = 4; lastKnownFileType = sourcecode.c.h; path = EMGroupManagerDelegate.h; sourceTree = "<group>"; };
		B1EBB0ED1DB5BBE1000C8717 /* EMGroupOptions.h */ = {isa = PBXFileReference; fileEncoding = 4; lastKnownFileType = sourcecode.c.h; path = EMGroupOptions.h; sourceTree = "<group>"; };
		B1EBB0EE1DB5BBE1000C8717 /* EMImageMessageBody.h */ = {isa = PBXFileReference; fileEncoding = 4; lastKnownFileType = sourcecode.c.h; path = EMImageMessageBody.h; sourceTree = "<group>"; };
		B1EBB0EF1DB5BBE1000C8717 /* EMLocationMessageBody.h */ = {isa = PBXFileReference; fileEncoding = 4; lastKnownFileType = sourcecode.c.h; path = EMLocationMessageBody.h; sourceTree = "<group>"; };
		B1EBB0F01DB5BBE1000C8717 /* EMMessage.h */ = {isa = PBXFileReference; fileEncoding = 4; lastKnownFileType = sourcecode.c.h; path = EMMessage.h; sourceTree = "<group>"; };
		B1EBB0F11DB5BBE1000C8717 /* EMMessageBody.h */ = {isa = PBXFileReference; fileEncoding = 4; lastKnownFileType = sourcecode.c.h; path = EMMessageBody.h; sourceTree = "<group>"; };
		B1EBB0F21DB5BBE1000C8717 /* EMOptions+PrivateDeploy.h */ = {isa = PBXFileReference; fileEncoding = 4; lastKnownFileType = sourcecode.c.h; path = "EMOptions+PrivateDeploy.h"; sourceTree = "<group>"; };
		B1EBB0F31DB5BBE1000C8717 /* EMOptions.h */ = {isa = PBXFileReference; fileEncoding = 4; lastKnownFileType = sourcecode.c.h; path = EMOptions.h; sourceTree = "<group>"; };
		B1EBB0F41DB5BBE1000C8717 /* EMPushOptions.h */ = {isa = PBXFileReference; fileEncoding = 4; lastKnownFileType = sourcecode.c.h; path = EMPushOptions.h; sourceTree = "<group>"; };
		B1EBB0F51DB5BBE1000C8717 /* EMSDK.h */ = {isa = PBXFileReference; fileEncoding = 4; lastKnownFileType = sourcecode.c.h; path = EMSDK.h; sourceTree = "<group>"; };
		B1EBB0F61DB5BBE1000C8717 /* EMSDKFull.h */ = {isa = PBXFileReference; fileEncoding = 4; lastKnownFileType = sourcecode.c.h; path = EMSDKFull.h; sourceTree = "<group>"; };
		B1EBB0F71DB5BBE1000C8717 /* EMTextMessageBody.h */ = {isa = PBXFileReference; fileEncoding = 4; lastKnownFileType = sourcecode.c.h; path = EMTextMessageBody.h; sourceTree = "<group>"; };
		B1EBB0F81DB5BBE1000C8717 /* EMVideoMessageBody.h */ = {isa = PBXFileReference; fileEncoding = 4; lastKnownFileType = sourcecode.c.h; path = EMVideoMessageBody.h; sourceTree = "<group>"; };
		B1EBB0F91DB5BBE1000C8717 /* EMVoiceMessageBody.h */ = {isa = PBXFileReference; fileEncoding = 4; lastKnownFileType = sourcecode.c.h; path = EMVoiceMessageBody.h; sourceTree = "<group>"; };
		B1EBB0FA1DB5BBE1000C8717 /* IEMCallManager.h */ = {isa = PBXFileReference; fileEncoding = 4; lastKnownFileType = sourcecode.c.h; path = IEMCallManager.h; sourceTree = "<group>"; };
		B1EBB0FB1DB5BBE1000C8717 /* IEMChatManager.h */ = {isa = PBXFileReference; fileEncoding = 4; lastKnownFileType = sourcecode.c.h; path = IEMChatManager.h; sourceTree = "<group>"; };
		B1EBB0FC1DB5BBE1000C8717 /* IEMChatroomManager.h */ = {isa = PBXFileReference; fileEncoding = 4; lastKnownFileType = sourcecode.c.h; path = IEMChatroomManager.h; sourceTree = "<group>"; };
		B1EBB0FD1DB5BBE1000C8717 /* IEMContactManager.h */ = {isa = PBXFileReference; fileEncoding = 4; lastKnownFileType = sourcecode.c.h; path = IEMContactManager.h; sourceTree = "<group>"; };
		B1EBB0FE1DB5BBE1000C8717 /* IEMGroupManager.h */ = {isa = PBXFileReference; fileEncoding = 4; lastKnownFileType = sourcecode.c.h; path = IEMGroupManager.h; sourceTree = "<group>"; };
		B1EBB0FF1DB5BBE1000C8717 /* OpenGLView20.h */ = {isa = PBXFileReference; fileEncoding = 4; lastKnownFileType = sourcecode.c.h; path = OpenGLView20.h; sourceTree = "<group>"; };
		B1EBB1011DB5BBE1000C8717 /* libHyphenateFullSDK.a */ = {isa = PBXFileReference; lastKnownFileType = archive.ar; path = libHyphenateFullSDK.a; sourceTree = "<group>"; };
		B1EBB1031DB5BC2C000C8717 /* CoreMedia.framework */ = {isa = PBXFileReference; lastKnownFileType = wrapper.framework; name = CoreMedia.framework; path = System/Library/Frameworks/CoreMedia.framework; sourceTree = SDKROOT; };
		B1EBB1051DB5BC37000C8717 /* AudioToolbox.framework */ = {isa = PBXFileReference; lastKnownFileType = wrapper.framework; name = AudioToolbox.framework; path = System/Library/Frameworks/AudioToolbox.framework; sourceTree = SDKROOT; };
		B1EBB1071DB5BC40000C8717 /* AVFoundation.framework */ = {isa = PBXFileReference; lastKnownFileType = wrapper.framework; name = AVFoundation.framework; path = System/Library/Frameworks/AVFoundation.framework; sourceTree = SDKROOT; };
		B1EBB1091DB5BC51000C8717 /* MobileCoreServices.framework */ = {isa = PBXFileReference; lastKnownFileType = wrapper.framework; name = MobileCoreServices.framework; path = System/Library/Frameworks/MobileCoreServices.framework; sourceTree = SDKROOT; };
		B1EBB10B1DB5BC59000C8717 /* ImageIO.framework */ = {isa = PBXFileReference; lastKnownFileType = wrapper.framework; name = ImageIO.framework; path = System/Library/Frameworks/ImageIO.framework; sourceTree = SDKROOT; };
		B1EBB10D1DB5BC70000C8717 /* libc++.tbd */ = {isa = PBXFileReference; lastKnownFileType = "sourcecode.text-based-dylib-definition"; name = "libc++.tbd"; path = "usr/lib/libc++.tbd"; sourceTree = SDKROOT; };
		B1EBB10F1DB5BC7A000C8717 /* libz.tbd */ = {isa = PBXFileReference; lastKnownFileType = "sourcecode.text-based-dylib-definition"; name = libz.tbd; path = usr/lib/libz.tbd; sourceTree = SDKROOT; };
		B1EBB1111DB5BC88000C8717 /* libstdc++.6.0.9.tbd */ = {isa = PBXFileReference; lastKnownFileType = "sourcecode.text-based-dylib-definition"; name = "libstdc++.6.0.9.tbd"; path = "usr/lib/libstdc++.6.0.9.tbd"; sourceTree = SDKROOT; };
		B1EBB1131DB5BC90000C8717 /* libsqlite3.tbd */ = {isa = PBXFileReference; lastKnownFileType = "sourcecode.text-based-dylib-definition"; name = libsqlite3.tbd; path = usr/lib/libsqlite3.tbd; sourceTree = SDKROOT; };
		B1EBB1151DB5BC9E000C8717 /* libiconv.tbd */ = {isa = PBXFileReference; lastKnownFileType = "sourcecode.text-based-dylib-definition"; name = libiconv.tbd; path = usr/lib/libiconv.tbd; sourceTree = SDKROOT; };
		B1EBB1181DB5C0E9000C8717 /* CCDraggableCardView.h */ = {isa = PBXFileReference; fileEncoding = 4; lastKnownFileType = sourcecode.c.h; path = CCDraggableCardView.h; sourceTree = "<group>"; };
		B1EBB1191DB5C0E9000C8717 /* CCDraggableCardView.m */ = {isa = PBXFileReference; fileEncoding = 4; lastKnownFileType = sourcecode.c.objc; path = CCDraggableCardView.m; sourceTree = "<group>"; };
		B1EBB11A1DB5C0E9000C8717 /* CCDraggableConfig.h */ = {isa = PBXFileReference; fileEncoding = 4; lastKnownFileType = sourcecode.c.h; path = CCDraggableConfig.h; sourceTree = "<group>"; };
		B1EBB11B1DB5C0E9000C8717 /* CCDraggableContainer.h */ = {isa = PBXFileReference; fileEncoding = 4; lastKnownFileType = sourcecode.c.h; path = CCDraggableContainer.h; sourceTree = "<group>"; };
		B1EBB11C1DB5C0E9000C8717 /* CCDraggableContainer.m */ = {isa = PBXFileReference; fileEncoding = 4; lastKnownFileType = sourcecode.c.objc; path = CCDraggableContainer.m; sourceTree = "<group>"; };
		B1EBB11F1DB5C15C000C8717 /* CustomCardView.h */ = {isa = PBXFileReference; fileEncoding = 4; lastKnownFileType = sourcecode.c.h; path = CustomCardView.h; sourceTree = "<group>"; };
		B1EBB1201DB5C15C000C8717 /* CustomCardView.m */ = {isa = PBXFileReference; fileEncoding = 4; lastKnownFileType = sourcecode.c.objc; path = CustomCardView.m; sourceTree = "<group>"; };
		B1EBB13B1DB72BA0000C8717 /* UIImage+KDimage.h */ = {isa = PBXFileReference; fileEncoding = 4; lastKnownFileType = sourcecode.c.h; path = "UIImage+KDimage.h"; sourceTree = "<group>"; };
		B1EBB13C1DB72BA0000C8717 /* UIImage+KDimage.m */ = {isa = PBXFileReference; fileEncoding = 4; lastKnownFileType = sourcecode.c.objc; path = "UIImage+KDimage.m"; sourceTree = "<group>"; };
		B1EBB1431DB75262000C8717 /* KDUser.h */ = {isa = PBXFileReference; fileEncoding = 4; lastKnownFileType = sourcecode.c.h; path = KDUser.h; sourceTree = "<group>"; };
		B1EBB1441DB75262000C8717 /* KDUser.m */ = {isa = PBXFileReference; fileEncoding = 4; lastKnownFileType = sourcecode.c.objc; path = KDUser.m; sourceTree = "<group>"; };
		B1EBB1471DB8A489000C8717 /* KDLoginViewController.h */ = {isa = PBXFileReference; fileEncoding = 4; lastKnownFileType = sourcecode.c.h; path = KDLoginViewController.h; sourceTree = "<group>"; };
		B1EBB1481DB8A489000C8717 /* KDLoginViewController.m */ = {isa = PBXFileReference; fileEncoding = 4; lastKnownFileType = sourcecode.c.objc; path = KDLoginViewController.m; sourceTree = "<group>"; };
		B1EBB1491DB8A489000C8717 /* KDLogViewController.h */ = {isa = PBXFileReference; fileEncoding = 4; lastKnownFileType = sourcecode.c.h; path = KDLogViewController.h; sourceTree = "<group>"; };
		B1EBB14A1DB8A489000C8717 /* KDLogViewController.m */ = {isa = PBXFileReference; fileEncoding = 4; lastKnownFileType = sourcecode.c.objc; path = KDLogViewController.m; sourceTree = "<group>"; };
		B1EBB14B1DB8A489000C8717 /* KDLogViewController.storyboard */ = {isa = PBXFileReference; fileEncoding = 4; lastKnownFileType = file.storyboard; path = KDLogViewController.storyboard; sourceTree = "<group>"; };
		B1EBB14C1DB8A489000C8717 /* KDRegisterViewController.h */ = {isa = PBXFileReference; fileEncoding = 4; lastKnownFileType = sourcecode.c.h; path = KDRegisterViewController.h; sourceTree = "<group>"; };
		B1EBB14D1DB8A489000C8717 /* KDRegisterViewController.m */ = {isa = PBXFileReference; fileEncoding = 4; lastKnownFileType = sourcecode.c.objc; path = KDRegisterViewController.m; sourceTree = "<group>"; };
		B1EBB14E1DB8A489000C8717 /* KDRegisterViewController.storyboard */ = {isa = PBXFileReference; fileEncoding = 4; lastKnownFileType = file.storyboard; path = KDRegisterViewController.storyboard; sourceTree = "<group>"; };
		B1EBB1501DB8A489000C8717 /* KDMainViewController.h */ = {isa = PBXFileReference; fileEncoding = 4; lastKnownFileType = sourcecode.c.h; path = KDMainViewController.h; sourceTree = "<group>"; };
		B1EBB1511DB8A489000C8717 /* KDMainViewController.m */ = {isa = PBXFileReference; fileEncoding = 4; lastKnownFileType = sourcecode.c.objc; path = KDMainViewController.m; sourceTree = "<group>"; };
		B1EBB1531DB8A489000C8717 /* KDMessageViewController.h */ = {isa = PBXFileReference; fileEncoding = 4; lastKnownFileType = sourcecode.c.h; path = KDMessageViewController.h; sourceTree = "<group>"; };
		B1EBB1541DB8A489000C8717 /* KDMessageViewController.m */ = {isa = PBXFileReference; fileEncoding = 4; lastKnownFileType = sourcecode.c.objc; path = KDMessageViewController.m; sourceTree = "<group>"; };
		B1EBB1551DB8A489000C8717 /* KDMessageViewController.storyboard */ = {isa = PBXFileReference; fileEncoding = 4; lastKnownFileType = file.storyboard; path = KDMessageViewController.storyboard; sourceTree = "<group>"; };
		B1EBB1571DB8A489000C8717 /* KDProfileViewController.h */ = {isa = PBXFileReference; fileEncoding = 4; lastKnownFileType = sourcecode.c.h; path = KDProfileViewController.h; sourceTree = "<group>"; };
		B1EBB1581DB8A489000C8717 /* KDProfileViewController.m */ = {isa = PBXFileReference; fileEncoding = 4; lastKnownFileType = sourcecode.c.objc; path = KDProfileViewController.m; sourceTree = "<group>"; };
		B1EBB1591DB8A489000C8717 /* KDProfileViewController.storyboard */ = {isa = PBXFileReference; fileEncoding = 4; lastKnownFileType = file.storyboard; path = KDProfileViewController.storyboard; sourceTree = "<group>"; };
		B1EBB15A1DB8A489000C8717 /* KDProjectCell.h */ = {isa = PBXFileReference; fileEncoding = 4; lastKnownFileType = sourcecode.c.h; path = KDProjectCell.h; sourceTree = "<group>"; };
		B1EBB15B1DB8A489000C8717 /* KDProjectCell.m */ = {isa = PBXFileReference; fileEncoding = 4; lastKnownFileType = sourcecode.c.objc; path = KDProjectCell.m; sourceTree = "<group>"; };
		B1EBB15C1DB8A489000C8717 /* KDProjectCell.xib */ = {isa = PBXFileReference; fileEncoding = 4; lastKnownFileType = file.xib; path = KDProjectCell.xib; sourceTree = "<group>"; };
		B1EBB15E1DB8A489000C8717 /* KDSettingViewController.h */ = {isa = PBXFileReference; fileEncoding = 4; lastKnownFileType = sourcecode.c.h; path = KDSettingViewController.h; sourceTree = "<group>"; };
		B1EBB15F1DB8A489000C8717 /* KDSettingViewController.m */ = {isa = PBXFileReference; fileEncoding = 4; lastKnownFileType = sourcecode.c.objc; path = KDSettingViewController.m; sourceTree = "<group>"; };
		B1EBB1601DB8A489000C8717 /* KDSettingViewController.storyboard */ = {isa = PBXFileReference; fileEncoding = 4; lastKnownFileType = file.storyboard; path = KDSettingViewController.storyboard; sourceTree = "<group>"; };
		B1EBB1621DB8A489000C8717 /* KDSouSouViewController.h */ = {isa = PBXFileReference; fileEncoding = 4; lastKnownFileType = sourcecode.c.h; path = KDSouSouViewController.h; sourceTree = "<group>"; };
		B1EBB1631DB8A489000C8717 /* KDSouSouViewController.m */ = {isa = PBXFileReference; fileEncoding = 4; lastKnownFileType = sourcecode.c.objc; path = KDSouSouViewController.m; sourceTree = "<group>"; };
		B1EBB1641DB8A489000C8717 /* KDSouSouViewController.storyboard */ = {isa = PBXFileReference; fileEncoding = 4; lastKnownFileType = file.storyboard; path = KDSouSouViewController.storyboard; sourceTree = "<group>"; };
		B1EBB1751DB8A560000C8717 /* KDPhoto.h */ = {isa = PBXFileReference; fileEncoding = 4; lastKnownFileType = sourcecode.c.h; path = KDPhoto.h; sourceTree = "<group>"; };
		B1EBB1761DB8A560000C8717 /* KDPhoto.m */ = {isa = PBXFileReference; fileEncoding = 4; lastKnownFileType = sourcecode.c.objc; path = KDPhoto.m; sourceTree = "<group>"; };
		B1EBB1781DB8B3DB000C8717 /* KDInfoViewController.h */ = {isa = PBXFileReference; fileEncoding = 4; lastKnownFileType = sourcecode.c.h; path = KDInfoViewController.h; sourceTree = "<group>"; };
		B1EBB1791DB8B3DB000C8717 /* KDInfoViewController.m */ = {isa = PBXFileReference; fileEncoding = 4; lastKnownFileType = sourcecode.c.objc; path = KDInfoViewController.m; sourceTree = "<group>"; };
		B1EBB17B1DB8B712000C8717 /* KDInfoViewController.storyboard */ = {isa = PBXFileReference; fileEncoding = 4; lastKnownFileType = file.storyboard; path = KDInfoViewController.storyboard; sourceTree = "<group>"; };
		B1EBB17D1DB8C5B9000C8717 /* KDScrollViews.h */ = {isa = PBXFileReference; fileEncoding = 4; lastKnownFileType = sourcecode.c.h; path = KDScrollViews.h; sourceTree = "<group>"; };
		B1EBB17E1DB8C5B9000C8717 /* KDScrollViews.m */ = {isa = PBXFileReference; fileEncoding = 4; lastKnownFileType = sourcecode.c.objc; path = KDScrollViews.m; sourceTree = "<group>"; };
		B1EBB1801DB9BE0C000C8717 /* KDMessageCell.h */ = {isa = PBXFileReference; fileEncoding = 4; lastKnownFileType = sourcecode.c.h; path = KDMessageCell.h; sourceTree = "<group>"; };
		B1EBB1811DB9BE0C000C8717 /* KDMessageCell.m */ = {isa = PBXFileReference; fileEncoding = 4; lastKnownFileType = sourcecode.c.objc; path = KDMessageCell.m; sourceTree = "<group>"; };
		B1EBB1821DB9BE0C000C8717 /* KDMessageCell.xib */ = {isa = PBXFileReference; fileEncoding = 4; lastKnownFileType = file.xib; path = KDMessageCell.xib; sourceTree = "<group>"; };
		B1EBB1851DB9C121000C8717 /* KDMessageModel.h */ = {isa = PBXFileReference; fileEncoding = 4; lastKnownFileType = sourcecode.c.h; path = KDMessageModel.h; sourceTree = "<group>"; };
		B1EBB1861DB9C121000C8717 /* KDMessageModel.m */ = {isa = PBXFileReference; fileEncoding = 4; lastKnownFileType = sourcecode.c.objc; path = KDMessageModel.m; sourceTree = "<group>"; };
		B1EBB1881DB9C54A000C8717 /* XMGChatController.h */ = {isa = PBXFileReference; fileEncoding = 4; lastKnownFileType = sourcecode.c.h; path = XMGChatController.h; sourceTree = "<group>"; };
		B1EBB1891DB9C54A000C8717 /* XMGChatController.m */ = {isa = PBXFileReference; fileEncoding = 4; lastKnownFileType = sourcecode.c.objc; path = XMGChatController.m; sourceTree = "<group>"; };
		B1EBB1901DB9C591000C8717 /* XMGChat.h */ = {isa = PBXFileReference; fileEncoding = 4; lastKnownFileType = sourcecode.c.h; path = XMGChat.h; sourceTree = "<group>"; };
		B1EBB1911DB9C591000C8717 /* XMGChat.m */ = {isa = PBXFileReference; fileEncoding = 4; lastKnownFileType = sourcecode.c.objc; path = XMGChat.m; sourceTree = "<group>"; };
		B1EBB1931DB9C59F000C8717 /* XMGChatFrame.h */ = {isa = PBXFileReference; fileEncoding = 4; lastKnownFileType = sourcecode.c.h; path = XMGChatFrame.h; sourceTree = "<group>"; };
		B1EBB1941DB9C59F000C8717 /* XMGChatFrame.m */ = {isa = PBXFileReference; fileEncoding = 4; lastKnownFileType = sourcecode.c.objc; path = XMGChatFrame.m; sourceTree = "<group>"; };
		B1EBB1961DB9C5AF000C8717 /* XMGChatCell.h */ = {isa = PBXFileReference; fileEncoding = 4; lastKnownFileType = sourcecode.c.h; path = XMGChatCell.h; sourceTree = "<group>"; };
		B1EBB1971DB9C5AF000C8717 /* XMGChatCell.m */ = {isa = PBXFileReference; fileEncoding = 4; lastKnownFileType = sourcecode.c.objc; path = XMGChatCell.m; sourceTree = "<group>"; };
		B1EBB1991DB9C5B9000C8717 /* XMGMoreInputKeyboardView.h */ = {isa = PBXFileReference; fileEncoding = 4; lastKnownFileType = sourcecode.c.h; path = XMGMoreInputKeyboardView.h; sourceTree = "<group>"; };
		B1EBB19A1DB9C5B9000C8717 /* XMGMoreInputKeyboardView.m */ = {isa = PBXFileReference; fileEncoding = 4; lastKnownFileType = sourcecode.c.objc; path = XMGMoreInputKeyboardView.m; sourceTree = "<group>"; };
		B1EBB19C1DB9C601000C8717 /* XMGLongPressBtn.h */ = {isa = PBXFileReference; fileEncoding = 4; lastKnownFileType = sourcecode.c.h; path = XMGLongPressBtn.h; sourceTree = "<group>"; };
		B1EBB19D1DB9C601000C8717 /* XMGLongPressBtn.m */ = {isa = PBXFileReference; fileEncoding = 4; lastKnownFileType = sourcecode.c.objc; path = XMGLongPressBtn.m; sourceTree = "<group>"; };
		B1EBB19F1DB9C60F000C8717 /* NSString+YFTimestamp.h */ = {isa = PBXFileReference; fileEncoding = 4; lastKnownFileType = sourcecode.c.h; path = "NSString+YFTimestamp.h"; sourceTree = "<group>"; };
		B1EBB1A01DB9C60F000C8717 /* NSString+YFTimestamp.m */ = {isa = PBXFileReference; fileEncoding = 4; lastKnownFileType = sourcecode.c.objc; path = "NSString+YFTimestamp.m"; sourceTree = "<group>"; };
		B1EBB1A11DB9C60F000C8717 /* UIImage+YFResizing.h */ = {isa = PBXFileReference; fileEncoding = 4; lastKnownFileType = sourcecode.c.h; path = "UIImage+YFResizing.h"; sourceTree = "<group>"; };
		B1EBB1A21DB9C60F000C8717 /* UIImage+YFResizing.m */ = {isa = PBXFileReference; fileEncoding = 4; lastKnownFileType = sourcecode.c.objc; path = "UIImage+YFResizing.m"; sourceTree = "<group>"; };
		B1EBB1A51DBA11F4000C8717 /* XMGInputView.h */ = {isa = PBXFileReference; fileEncoding = 4; lastKnownFileType = sourcecode.c.h; path = XMGInputView.h; sourceTree = "<group>"; };
		B1EBB1A61DBA11F4000C8717 /* XMGInputView.m */ = {isa = PBXFileReference; fileEncoding = 4; lastKnownFileType = sourcecode.c.objc; path = XMGInputView.m; sourceTree = "<group>"; };
		B1EBB1A71DBA11F4000C8717 /* XMGInputView.xib */ = {isa = PBXFileReference; fileEncoding = 4; lastKnownFileType = file.xib; path = XMGInputView.xib; sourceTree = "<group>"; };
		B1EBB1AB1DBA15A0000C8717 /* KDDataTool.h */ = {isa = PBXFileReference; fileEncoding = 4; lastKnownFileType = sourcecode.c.h; path = KDDataTool.h; sourceTree = "<group>"; };
		B1EBB1AC1DBA15A0000C8717 /* KDDataTool.m */ = {isa = PBXFileReference; fileEncoding = 4; lastKnownFileType = sourcecode.c.objc; path = KDDataTool.m; sourceTree = "<group>"; };
		B1EBB1AE1DBA16BD000C8717 /* KDDataModel.h */ = {isa = PBXFileReference; fileEncoding = 4; lastKnownFileType = sourcecode.c.h; path = KDDataModel.h; sourceTree = "<group>"; };
		B1EBB1AF1DBA16BD000C8717 /* KDDataModel.m */ = {isa = PBXFileReference; fileEncoding = 4; lastKnownFileType = sourcecode.c.objc; path = KDDataModel.m; sourceTree = "<group>"; };
		B1EBB1B11DBDAFF3000C8717 /* HttpTool.h */ = {isa = PBXFileReference; fileEncoding = 4; lastKnownFileType = sourcecode.c.h; path = HttpTool.h; sourceTree = "<group>"; };
		B1EBB1B21DBDAFF3000C8717 /* HttpTool.m */ = {isa = PBXFileReference; fileEncoding = 4; lastKnownFileType = sourcecode.c.objc; path = HttpTool.m; sourceTree = "<group>"; };
		C3CBB9C7B7CC96315C38AE96 /* Pods.release.xcconfig */ = {isa = PBXFileReference; includeInIndex = 1; lastKnownFileType = text.xcconfig; name = Pods.release.xcconfig; path = "Pods/Target Support Files/Pods/Pods.release.xcconfig"; sourceTree = "<group>"; };
		E7937B6F89056175393CED5D /* Pods.debug.xcconfig */ = {isa = PBXFileReference; includeInIndex = 1; lastKnownFileType = text.xcconfig; name = Pods.debug.xcconfig; path = "Pods/Target Support Files/Pods/Pods.debug.xcconfig"; sourceTree = "<group>"; };
/* End PBXFileReference section */

/* Begin PBXFrameworksBuildPhase section */
		B176F5841DB4B769008D91F2 /* Frameworks */ = {
			isa = PBXFrameworksBuildPhase;
			buildActionMask = 2147483647;
			files = (
				B1EBB1161DB5BC9E000C8717 /* libiconv.tbd in Frameworks */,
				B1EBB1141DB5BC90000C8717 /* libsqlite3.tbd in Frameworks */,
				B1EBB1121DB5BC88000C8717 /* libstdc++.6.0.9.tbd in Frameworks */,
				B1EBB1101DB5BC7A000C8717 /* libz.tbd in Frameworks */,
				B1EBB10E1DB5BC70000C8717 /* libc++.tbd in Frameworks */,
				B1EBB10C1DB5BC59000C8717 /* ImageIO.framework in Frameworks */,
				B1EBB10A1DB5BC51000C8717 /* MobileCoreServices.framework in Frameworks */,
				B1EBB1081DB5BC40000C8717 /* AVFoundation.framework in Frameworks */,
				B1EBB1061DB5BC37000C8717 /* AudioToolbox.framework in Frameworks */,
				B1EBB1041DB5BC2C000C8717 /* CoreMedia.framework in Frameworks */,
				B1EBB1021DB5BBE1000C8717 /* libHyphenateFullSDK.a in Frameworks */,
				3DBBE05713A0E5B070B970A2 /* libPods.a in Frameworks */,
			);
			runOnlyForDeploymentPostprocessing = 0;
		};
/* End PBXFrameworksBuildPhase section */

/* Begin PBXGroup section */
		050C63A2B1823152266977AB /* Pods */ = {
			isa = PBXGroup;
			children = (
				E7937B6F89056175393CED5D /* Pods.debug.xcconfig */,
				C3CBB9C7B7CC96315C38AE96 /* Pods.release.xcconfig */,
			);
			name = Pods;
			sourceTree = "<group>";
		};
		7BEC85837A79D7CFE54C9E90 /* Frameworks */ = {
			isa = PBXGroup;
			children = (
				B1EBB1151DB5BC9E000C8717 /* libiconv.tbd */,
				B1EBB1131DB5BC90000C8717 /* libsqlite3.tbd */,
				B1EBB1111DB5BC88000C8717 /* libstdc++.6.0.9.tbd */,
				B1EBB10F1DB5BC7A000C8717 /* libz.tbd */,
				B1EBB10D1DB5BC70000C8717 /* libc++.tbd */,
				B1EBB10B1DB5BC59000C8717 /* ImageIO.framework */,
				B1EBB1091DB5BC51000C8717 /* MobileCoreServices.framework */,
				B1EBB1071DB5BC40000C8717 /* AVFoundation.framework */,
				B1EBB1051DB5BC37000C8717 /* AudioToolbox.framework */,
				B1EBB1031DB5BC2C000C8717 /* CoreMedia.framework */,
				5AC4C1BB2DB5B3F16B161AF9 /* libPods.a */,
			);
			name = Frameworks;
			sourceTree = "<group>";
		};
		B176F57E1DB4B769008D91F2 = {
			isa = PBXGroup;
			children = (
				B176F5891DB4B769008D91F2 /* tantanIM */,
				B176F5881DB4B769008D91F2 /* Products */,
				050C63A2B1823152266977AB /* Pods */,
				7BEC85837A79D7CFE54C9E90 /* Frameworks */,
			);
			sourceTree = "<group>";
		};
		B176F5881DB4B769008D91F2 /* Products */ = {
			isa = PBXGroup;
			children = (
				B176F5871DB4B769008D91F2 /* tantanIM.app */,
			);
			name = Products;
			sourceTree = "<group>";
		};
		B176F5891DB4B769008D91F2 /* tantanIM */ = {
			isa = PBXGroup;
			children = (
				B1EBB0B21DB4B8FD000C8717 /* Classes */,
				B176F58A1DB4B769008D91F2 /* Supporting Files */,
			);
			path = tantanIM;
			sourceTree = "<group>";
		};
		B176F58A1DB4B769008D91F2 /* Supporting Files */ = {
			isa = PBXGroup;
			children = (
				B176F5961DB4B769008D91F2 /* Assets.xcassets */,
				B176F5981DB4B769008D91F2 /* LaunchScreen.storyboard */,
				B176F58B1DB4B769008D91F2 /* main.m */,
			);
			name = "Supporting Files";
			sourceTree = "<group>";
		};
		B1EBB0B21DB4B8FD000C8717 /* Classes */ = {
			isa = PBXGroup;
			children = (
				B1EBB1AA1DBA1593000C8717 /* Tool */,
				B1EBB0B31DB4B8FD000C8717 /* Controllers */,
				B1EBB1461DB8A489000C8717 /* Login */,
				B1EBB14F1DB8A489000C8717 /* Main */,
				B1EBB1521DB8A489000C8717 /* Message */,
				B1EBB1561DB8A489000C8717 /* Profile */,
				B1EBB15D1DB8A489000C8717 /* Setting */,
				B1EBB1611DB8A489000C8717 /* Sousou */,
				B1EBB0B41DB4B8FD000C8717 /* Lib */,
				B1EBB0B51DB4B8FD000C8717 /* Models */,
				B1EBB0B61DB4B8FD000C8717 /* Other */,
				B1EBB0BA1DB4B8FD000C8717 /* Views */,
			);
			path = Classes;
			sourceTree = "<group>";
		};
		B1EBB0B31DB4B8FD000C8717 /* Controllers */ = {
			isa = PBXGroup;
			children = (
				B1EBB0C91DB4D2B4000C8717 /* KDGuillotineMenu.h */,
				B1EBB0CA1DB4D2B4000C8717 /* KDGuillotineMenu.m */,
			);
			path = Controllers;
			sourceTree = "<group>";
		};
		B1EBB0B41DB4B8FD000C8717 /* Lib */ = {
			isa = PBXGroup;
			children = (
				B1EBB1171DB5C0E9000C8717 /* CCDraggableCard */,
				B1EBB0D81DB5BBE1000C8717 /* HyphenateFullSDK */,
			);
			path = Lib;
			sourceTree = "<group>";
		};
		B1EBB0B51DB4B8FD000C8717 /* Models */ = {
			isa = PBXGroup;
			children = (
				B1EBB1431DB75262000C8717 /* KDUser.h */,
				B1EBB1441DB75262000C8717 /* KDUser.m */,
				B1EBB1751DB8A560000C8717 /* KDPhoto.h */,
				B1EBB1761DB8A560000C8717 /* KDPhoto.m */,
				B1EBB1851DB9C121000C8717 /* KDMessageModel.h */,
				B1EBB1861DB9C121000C8717 /* KDMessageModel.m */,
				B1EBB1AE1DBA16BD000C8717 /* KDDataModel.h */,
				B1EBB1AF1DBA16BD000C8717 /* KDDataModel.m */,
			);
			path = Models;
			sourceTree = "<group>";
		};
		B1EBB0B61DB4B8FD000C8717 /* Other */ = {
			isa = PBXGroup;
			children = (
				B1EBB0B71DB4B8FD000C8717 /* AppDelegate.h */,
				B1EBB0B81DB4B8FD000C8717 /* AppDelegate.m */,
				B1EBB0B91DB4B8FD000C8717 /* Info.plist */,
				B1EBB13B1DB72BA0000C8717 /* UIImage+KDimage.h */,
				B1EBB13C1DB72BA0000C8717 /* UIImage+KDimage.m */,
			);
			path = Other;
			sourceTree = "<group>";
		};
		B1EBB0BA1DB4B8FD000C8717 /* Views */ = {
			isa = PBXGroup;
			children = (
				B1EBB1A51DBA11F4000C8717 /* XMGInputView.h */,
				B1EBB1A61DBA11F4000C8717 /* XMGInputView.m */,
				B1EBB11F1DB5C15C000C8717 /* CustomCardView.h */,
				B1EBB1A71DBA11F4000C8717 /* XMGInputView.xib */,
				B1EBB1201DB5C15C000C8717 /* CustomCardView.m */,
				B1EBB17D1DB8C5B9000C8717 /* KDScrollViews.h */,
				B1EBB17E1DB8C5B9000C8717 /* KDScrollViews.m */,
			);
			path = Views;
			sourceTree = "<group>";
		};
		B1EBB0D81DB5BBE1000C8717 /* HyphenateFullSDK */ = {
			isa = PBXGroup;
			children = (
				B1EBB0D91DB5BBE1000C8717 /* include */,
				B1EBB1001DB5BBE1000C8717 /* lib */,
			);
			path = HyphenateFullSDK;
			sourceTree = "<group>";
		};
		B1EBB0D91DB5BBE1000C8717 /* include */ = {
			isa = PBXGroup;
			children = (
				B1EBB0DA1DB5BBE1000C8717 /* EMCallLocalView.h */,
				B1EBB0DB1DB5BBE1000C8717 /* EMCallManagerDelegate.h */,
				B1EBB0DC1DB5BBE1000C8717 /* EMCallRemoteView.h */,
				B1EBB0DD1DB5BBE1000C8717 /* EMCallSession.h */,
				B1EBB0DE1DB5BBE1000C8717 /* EMChatManagerDelegate.h */,
				B1EBB0DF1DB5BBE1000C8717 /* EMChatroom.h */,
				B1EBB0E01DB5BBE1000C8717 /* EMChatroomManagerDelegate.h */,
				B1EBB0E11DB5BBE1000C8717 /* EMClient+Call.h */,
				B1EBB0E21DB5BBE1000C8717 /* EMClient.h */,
				B1EBB0E31DB5BBE1000C8717 /* EMClientDelegate.h */,
				B1EBB0E41DB5BBE1000C8717 /* EMCmdMessageBody.h */,
				B1EBB0E51DB5BBE1000C8717 /* EMContactManagerDelegate.h */,
				B1EBB0E61DB5BBE1000C8717 /* EMConversation.h */,
				B1EBB0E71DB5BBE1000C8717 /* EMCursorResult.h */,
				B1EBB0E81DB5BBE1000C8717 /* EMError.h */,
				B1EBB0E91DB5BBE1000C8717 /* EMErrorCode.h */,
				B1EBB0EA1DB5BBE1000C8717 /* EMFileMessageBody.h */,
				B1EBB0EB1DB5BBE1000C8717 /* EMGroup.h */,
				B1EBB0EC1DB5BBE1000C8717 /* EMGroupManagerDelegate.h */,
				B1EBB0ED1DB5BBE1000C8717 /* EMGroupOptions.h */,
				B1EBB0EE1DB5BBE1000C8717 /* EMImageMessageBody.h */,
				B1EBB0EF1DB5BBE1000C8717 /* EMLocationMessageBody.h */,
				B1EBB0F01DB5BBE1000C8717 /* EMMessage.h */,
				B1EBB0F11DB5BBE1000C8717 /* EMMessageBody.h */,
				B1EBB0F21DB5BBE1000C8717 /* EMOptions+PrivateDeploy.h */,
				B1EBB0F31DB5BBE1000C8717 /* EMOptions.h */,
				B1EBB0F41DB5BBE1000C8717 /* EMPushOptions.h */,
				B1EBB0F51DB5BBE1000C8717 /* EMSDK.h */,
				B1EBB0F61DB5BBE1000C8717 /* EMSDKFull.h */,
				B1EBB0F71DB5BBE1000C8717 /* EMTextMessageBody.h */,
				B1EBB0F81DB5BBE1000C8717 /* EMVideoMessageBody.h */,
				B1EBB0F91DB5BBE1000C8717 /* EMVoiceMessageBody.h */,
				B1EBB0FA1DB5BBE1000C8717 /* IEMCallManager.h */,
				B1EBB0FB1DB5BBE1000C8717 /* IEMChatManager.h */,
				B1EBB0FC1DB5BBE1000C8717 /* IEMChatroomManager.h */,
				B1EBB0FD1DB5BBE1000C8717 /* IEMContactManager.h */,
				B1EBB0FE1DB5BBE1000C8717 /* IEMGroupManager.h */,
				B1EBB0FF1DB5BBE1000C8717 /* OpenGLView20.h */,
			);
			path = include;
			sourceTree = "<group>";
		};
		B1EBB1001DB5BBE1000C8717 /* lib */ = {
			isa = PBXGroup;
			children = (
				B1EBB1011DB5BBE1000C8717 /* libHyphenateFullSDK.a */,
			);
			path = lib;
			sourceTree = "<group>";
		};
		B1EBB1171DB5C0E9000C8717 /* CCDraggableCard */ = {
			isa = PBXGroup;
			children = (
				B1EBB1181DB5C0E9000C8717 /* CCDraggableCardView.h */,
				B1EBB1191DB5C0E9000C8717 /* CCDraggableCardView.m */,
				B1EBB11A1DB5C0E9000C8717 /* CCDraggableConfig.h */,
				B1EBB11B1DB5C0E9000C8717 /* CCDraggableContainer.h */,
				B1EBB11C1DB5C0E9000C8717 /* CCDraggableContainer.m */,
			);
			path = CCDraggableCard;
			sourceTree = "<group>";
		};
		B1EBB1461DB8A489000C8717 /* Login */ = {
			isa = PBXGroup;
			children = (
				B1EBB1471DB8A489000C8717 /* KDLoginViewController.h */,
				B1EBB1481DB8A489000C8717 /* KDLoginViewController.m */,
				B1EBB1491DB8A489000C8717 /* KDLogViewController.h */,
				B1EBB14A1DB8A489000C8717 /* KDLogViewController.m */,
				B1EBB14B1DB8A489000C8717 /* KDLogViewController.storyboard */,
				B1EBB14C1DB8A489000C8717 /* KDRegisterViewController.h */,
				B1EBB14D1DB8A489000C8717 /* KDRegisterViewController.m */,
				B1EBB14E1DB8A489000C8717 /* KDRegisterViewController.storyboard */,
			);
			name = Login;
			path = Controllers/Login;
			sourceTree = "<group>";
		};
		B1EBB14F1DB8A489000C8717 /* Main */ = {
			isa = PBXGroup;
			children = (
				B1EBB1501DB8A489000C8717 /* KDMainViewController.h */,
				B1EBB1511DB8A489000C8717 /* KDMainViewController.m */,
			);
			name = Main;
			path = Controllers/Main;
			sourceTree = "<group>";
		};
		B1EBB1521DB8A489000C8717 /* Message */ = {
			isa = PBXGroup;
			children = (
				B1EBB19F1DB9C60F000C8717 /* NSString+YFTimestamp.h */,
				B1EBB1A01DB9C60F000C8717 /* NSString+YFTimestamp.m */,
				B1EBB1A11DB9C60F000C8717 /* UIImage+YFResizing.h */,
				B1EBB1A21DB9C60F000C8717 /* UIImage+YFResizing.m */,
				B1EBB19C1DB9C601000C8717 /* XMGLongPressBtn.h */,
				B1EBB19D1DB9C601000C8717 /* XMGLongPressBtn.m */,
				B1EBB1991DB9C5B9000C8717 /* XMGMoreInputKeyboardView.h */,
				B1EBB19A1DB9C5B9000C8717 /* XMGMoreInputKeyboardView.m */,
				B1EBB1961DB9C5AF000C8717 /* XMGChatCell.h */,
				B1EBB1971DB9C5AF000C8717 /* XMGChatCell.m */,
				B1EBB1931DB9C59F000C8717 /* XMGChatFrame.h */,
				B1EBB1941DB9C59F000C8717 /* XMGChatFrame.m */,
				B1EBB1901DB9C591000C8717 /* XMGChat.h */,
				B1EBB1911DB9C591000C8717 /* XMGChat.m */,
				B1EBB1881DB9C54A000C8717 /* XMGChatController.h */,
				B1EBB1891DB9C54A000C8717 /* XMGChatController.m */,
				B1EBB1531DB8A489000C8717 /* KDMessageViewController.h */,
				B1EBB1541DB8A489000C8717 /* KDMessageViewController.m */,
				B1EBB1551DB8A489000C8717 /* KDMessageViewController.storyboard */,
				B1EBB1801DB9BE0C000C8717 /* KDMessageCell.h */,
				B1EBB1811DB9BE0C000C8717 /* KDMessageCell.m */,
				B1EBB1821DB9BE0C000C8717 /* KDMessageCell.xib */,
			);
			name = Message;
			path = Controllers/Message;
			sourceTree = "<group>";
		};
		B1EBB1561DB8A489000C8717 /* Profile */ = {
			isa = PBXGroup;
			children = (
				B1EBB1571DB8A489000C8717 /* KDProfileViewController.h */,
				B1EBB1581DB8A489000C8717 /* KDProfileViewController.m */,
				B1EBB1591DB8A489000C8717 /* KDProfileViewController.storyboard */,
				B1EBB15A1DB8A489000C8717 /* KDProjectCell.h */,
				B1EBB15B1DB8A489000C8717 /* KDProjectCell.m */,
				B1EBB15C1DB8A489000C8717 /* KDProjectCell.xib */,
			);
			name = Profile;
			path = Controllers/Profile;
			sourceTree = "<group>";
		};
		B1EBB15D1DB8A489000C8717 /* Setting */ = {
			isa = PBXGroup;
			children = (
				B1EBB15E1DB8A489000C8717 /* KDSettingViewController.h */,
				B1EBB15F1DB8A489000C8717 /* KDSettingViewController.m */,
				B1EBB1601DB8A489000C8717 /* KDSettingViewController.storyboard */,
			);
			name = Setting;
			path = Controllers/Setting;
			sourceTree = "<group>";
		};
		B1EBB1611DB8A489000C8717 /* Sousou */ = {
			isa = PBXGroup;
			children = (
				B1EBB1621DB8A489000C8717 /* KDSouSouViewController.h */,
				B1EBB1631DB8A489000C8717 /* KDSouSouViewController.m */,
				B1EBB1641DB8A489000C8717 /* KDSouSouViewController.storyboard */,
				B1EBB1781DB8B3DB000C8717 /* KDInfoViewController.h */,
				B1EBB1791DB8B3DB000C8717 /* KDInfoViewController.m */,
				B1EBB17B1DB8B712000C8717 /* KDInfoViewController.storyboard */,
			);
			name = Sousou;
			path = Controllers/Sousou;
			sourceTree = "<group>";
		};
		B1EBB1AA1DBA1593000C8717 /* Tool */ = {
			isa = PBXGroup;
			children = (
				B1EBB1B11DBDAFF3000C8717 /* HttpTool.h */,
				B1EBB1B21DBDAFF3000C8717 /* HttpTool.m */,
				B1EBB1AB1DBA15A0000C8717 /* KDDataTool.h */,
				B1EBB1AC1DBA15A0000C8717 /* KDDataTool.m */,
			);
			path = Tool;
			sourceTree = "<group>";
		};
/* End PBXGroup section */

/* Begin PBXNativeTarget section */
		B176F5861DB4B769008D91F2 /* tantanIM */ = {
			isa = PBXNativeTarget;
			buildConfigurationList = B176F59E1DB4B769008D91F2 /* Build configuration list for PBXNativeTarget "tantanIM" */;
			buildPhases = (
				8B1454CB546DB04A38252FF2 /* Check Pods Manifest.lock */,
				B176F5831DB4B769008D91F2 /* Sources */,
				B176F5841DB4B769008D91F2 /* Frameworks */,
				B176F5851DB4B769008D91F2 /* Resources */,
				BF7C9393FC4287786C9B7D83 /* Embed Pods Frameworks */,
				F8A76041B7B63E56F575C6F4 /* Copy Pods Resources */,
			);
			buildRules = (
			);
			dependencies = (
			);
			name = tantanIM;
			productName = tantanIM;
			productReference = B176F5871DB4B769008D91F2 /* tantanIM.app */;
			productType = "com.apple.product-type.application";
		};
/* End PBXNativeTarget section */

/* Begin PBXProject section */
		B176F57F1DB4B769008D91F2 /* Project object */ = {
			isa = PBXProject;
			attributes = {
				CLASSPREFIX = KD;
				LastUpgradeCheck = 0730;
				ORGANIZATIONNAME = kaidan;
				TargetAttributes = {
					B176F5861DB4B769008D91F2 = {
						CreatedOnToolsVersion = 7.3;
					};
				};
			};
			buildConfigurationList = B176F5821DB4B769008D91F2 /* Build configuration list for PBXProject "tantanIM" */;
			compatibilityVersion = "Xcode 3.2";
			developmentRegion = English;
			hasScannedForEncodings = 0;
			knownRegions = (
				en,
				Base,
			);
			mainGroup = B176F57E1DB4B769008D91F2;
			productRefGroup = B176F5881DB4B769008D91F2 /* Products */;
			projectDirPath = "";
			projectRoot = "";
			targets = (
				B176F5861DB4B769008D91F2 /* tantanIM */,
			);
		};
/* End PBXProject section */

/* Begin PBXResourcesBuildPhase section */
		B176F5851DB4B769008D91F2 /* Resources */ = {
			isa = PBXResourcesBuildPhase;
			buildActionMask = 2147483647;
			files = (
				B1EBB1701DB8A489000C8717 /* KDProjectCell.xib in Resources */,
				B176F59A1DB4B769008D91F2 /* LaunchScreen.storyboard in Resources */,
				B1EBB16E1DB8A489000C8717 /* KDProfileViewController.storyboard in Resources */,
				B1EBB1671DB8A489000C8717 /* KDLogViewController.storyboard in Resources */,
				B176F5971DB4B769008D91F2 /* Assets.xcassets in Resources */,
				B1EBB1691DB8A489000C8717 /* KDRegisterViewController.storyboard in Resources */,
				B1EBB1A91DBA11F4000C8717 /* XMGInputView.xib in Resources */,
				B1EBB1841DB9BE0C000C8717 /* KDMessageCell.xib in Resources */,
				B1EBB16C1DB8A489000C8717 /* KDMessageViewController.storyboard in Resources */,
				B1EBB1721DB8A489000C8717 /* KDSettingViewController.storyboard in Resources */,
				B1EBB1741DB8A489000C8717 /* KDSouSouViewController.storyboard in Resources */,
				B1EBB0BC1DB4B8FD000C8717 /* Info.plist in Resources */,
				B1EBB17C1DB8B712000C8717 /* KDInfoViewController.storyboard in Resources */,
			);
			runOnlyForDeploymentPostprocessing = 0;
		};
/* End PBXResourcesBuildPhase section */

/* Begin PBXShellScriptBuildPhase section */
		8B1454CB546DB04A38252FF2 /* Check Pods Manifest.lock */ = {
			isa = PBXShellScriptBuildPhase;
			buildActionMask = 2147483647;
			files = (
			);
			inputPaths = (
			);
			name = "Check Pods Manifest.lock";
			outputPaths = (
			);
			runOnlyForDeploymentPostprocessing = 0;
			shellPath = /bin/sh;
			shellScript = "diff \"${PODS_ROOT}/../Podfile.lock\" \"${PODS_ROOT}/Manifest.lock\" > /dev/null\nif [[ $? != 0 ]] ; then\n    cat << EOM\nerror: The sandbox is not in sync with the Podfile.lock. Run 'pod install' or update your CocoaPods installation.\nEOM\n    exit 1\nfi\n";
			showEnvVarsInLog = 0;
		};
		BF7C9393FC4287786C9B7D83 /* Embed Pods Frameworks */ = {
			isa = PBXShellScriptBuildPhase;
			buildActionMask = 2147483647;
			files = (
			);
			inputPaths = (
			);
			name = "Embed Pods Frameworks";
			outputPaths = (
			);
			runOnlyForDeploymentPostprocessing = 0;
			shellPath = /bin/sh;
			shellScript = "\"${SRCROOT}/Pods/Target Support Files/Pods/Pods-frameworks.sh\"\n";
			showEnvVarsInLog = 0;
		};
		F8A76041B7B63E56F575C6F4 /* Copy Pods Resources */ = {
			isa = PBXShellScriptBuildPhase;
			buildActionMask = 2147483647;
			files = (
			);
			inputPaths = (
			);
			name = "Copy Pods Resources";
			outputPaths = (
			);
			runOnlyForDeploymentPostprocessing = 0;
			shellPath = /bin/sh;
			shellScript = "\"${SRCROOT}/Pods/Target Support Files/Pods/Pods-resources.sh\"\n";
			showEnvVarsInLog = 0;
		};
/* End PBXShellScriptBuildPhase section */

/* Begin PBXSourcesBuildPhase section */
		B176F5831DB4B769008D91F2 /* Sources */ = {
			isa = PBXSourcesBuildPhase;
			buildActionMask = 2147483647;
			files = (
				B1EBB1711DB8A489000C8717 /* KDSettingViewController.m in Sources */,
				B1EBB1651DB8A489000C8717 /* KDLoginViewController.m in Sources */,
				B1EBB17F1DB8C5B9000C8717 /* KDScrollViews.m in Sources */,
				B1EBB1211DB5C15C000C8717 /* CustomCardView.m in Sources */,
				B1EBB19B1DB9C5B9000C8717 /* XMGMoreInputKeyboardView.m in Sources */,
				B1EBB1B01DBA16BD000C8717 /* KDDataModel.m in Sources */,
				B1EBB18A1DB9C54A000C8717 /* XMGChatController.m in Sources */,
				B1EBB13D1DB72BA0000C8717 /* UIImage+KDimage.m in Sources */,
				B1EBB1951DB9C59F000C8717 /* XMGChatFrame.m in Sources */,
				B1EBB0CB1DB4D2B4000C8717 /* KDGuillotineMenu.m in Sources */,
				B1EBB1661DB8A489000C8717 /* KDLogViewController.m in Sources */,
				B1EBB1981DB9C5AF000C8717 /* XMGChatCell.m in Sources */,
				B1EBB1731DB8A489000C8717 /* KDSouSouViewController.m in Sources */,
				B1EBB11D1DB5C0E9000C8717 /* CCDraggableCardView.m in Sources */,
				B1EBB16B1DB8A489000C8717 /* KDMessageViewController.m in Sources */,
				B1EBB1AD1DBA15A0000C8717 /* KDDataTool.m in Sources */,
				B1EBB1771DB8A560000C8717 /* KDPhoto.m in Sources */,
				B1EBB17A1DB8B3DB000C8717 /* KDInfoViewController.m in Sources */,
				B1EBB11E1DB5C0E9000C8717 /* CCDraggableContainer.m in Sources */,
				B1EBB1B31DBDAFF3000C8717 /* HttpTool.m in Sources */,
				B1EBB1681DB8A489000C8717 /* KDRegisterViewController.m in Sources */,
				B1EBB16D1DB8A489000C8717 /* KDProfileViewController.m in Sources */,
				B1EBB16A1DB8A489000C8717 /* KDMainViewController.m in Sources */,
				B1EBB1871DB9C121000C8717 /* KDMessageModel.m in Sources */,
				B1EBB1921DB9C591000C8717 /* XMGChat.m in Sources */,
				B1EBB1A41DB9C60F000C8717 /* UIImage+YFResizing.m in Sources */,
				B1EBB1A81DBA11F4000C8717 /* XMGInputView.m in Sources */,
				B1EBB19E1DB9C601000C8717 /* XMGLongPressBtn.m in Sources */,
				B1EBB0BB1DB4B8FD000C8717 /* AppDelegate.m in Sources */,
				B1EBB1A31DB9C60F000C8717 /* NSString+YFTimestamp.m in Sources */,
				B1EBB1831DB9BE0C000C8717 /* KDMessageCell.m in Sources */,
				B176F58C1DB4B769008D91F2 /* main.m in Sources */,
				B1EBB16F1DB8A489000C8717 /* KDProjectCell.m in Sources */,
				B1EBB1451DB75262000C8717 /* KDUser.m in Sources */,
			);
			runOnlyForDeploymentPostprocessing = 0;
		};
/* End PBXSourcesBuildPhase section */

/* Begin PBXVariantGroup section */
		B176F5981DB4B769008D91F2 /* LaunchScreen.storyboard */ = {
			isa = PBXVariantGroup;
			children = (
				B176F5991DB4B769008D91F2 /* Base */,
			);
			name = LaunchScreen.storyboard;
			sourceTree = "<group>";
		};
/* End PBXVariantGroup section */

/* Begin XCBuildConfiguration section */
		B176F59C1DB4B769008D91F2 /* Debug */ = {
			isa = XCBuildConfiguration;
			buildSettings = {
				ALWAYS_SEARCH_USER_PATHS = NO;
				CLANG_ANALYZER_NONNULL = YES;
				CLANG_CXX_LANGUAGE_STANDARD = "gnu++0x";
				CLANG_CXX_LIBRARY = "libc++";
				CLANG_ENABLE_MODULES = YES;
				CLANG_ENABLE_OBJC_ARC = YES;
				CLANG_WARN_BOOL_CONVERSION = YES;
				CLANG_WARN_CONSTANT_CONVERSION = YES;
				CLANG_WARN_DIRECT_OBJC_ISA_USAGE = YES_ERROR;
				CLANG_WARN_EMPTY_BODY = YES;
				CLANG_WARN_ENUM_CONVERSION = YES;
				CLANG_WARN_INT_CONVERSION = YES;
				CLANG_WARN_OBJC_ROOT_CLASS = YES_ERROR;
				CLANG_WARN_UNREACHABLE_CODE = YES;
				CLANG_WARN__DUPLICATE_METHOD_MATCH = YES;
				"CODE_SIGN_IDENTITY[sdk=iphoneos*]" = "iPhone Developer";
				COPY_PHASE_STRIP = NO;
				DEBUG_INFORMATION_FORMAT = dwarf;
				ENABLE_STRICT_OBJC_MSGSEND = YES;
				ENABLE_TESTABILITY = YES;
				GCC_C_LANGUAGE_STANDARD = gnu99;
				GCC_DYNAMIC_NO_PIC = NO;
				GCC_NO_COMMON_BLOCKS = YES;
				GCC_OPTIMIZATION_LEVEL = 0;
				GCC_PREPROCESSOR_DEFINITIONS = (
					"DEBUG=1",
					"$(inherited)",
				);
				GCC_WARN_64_TO_32_BIT_CONVERSION = YES;
				GCC_WARN_ABOUT_RETURN_TYPE = YES_ERROR;
				GCC_WARN_UNDECLARED_SELECTOR = YES;
				GCC_WARN_UNINITIALIZED_AUTOS = YES_AGGRESSIVE;
				GCC_WARN_UNUSED_FUNCTION = YES;
				GCC_WARN_UNUSED_VARIABLE = YES;
				IPHONEOS_DEPLOYMENT_TARGET = 9.3;
				MTL_ENABLE_DEBUG_INFO = YES;
				ONLY_ACTIVE_ARCH = YES;
				SDKROOT = iphoneos;
			};
			name = Debug;
		};
		B176F59D1DB4B769008D91F2 /* Release */ = {
			isa = XCBuildConfiguration;
			buildSettings = {
				ALWAYS_SEARCH_USER_PATHS = NO;
				CLANG_ANALYZER_NONNULL = YES;
				CLANG_CXX_LANGUAGE_STANDARD = "gnu++0x";
				CLANG_CXX_LIBRARY = "libc++";
				CLANG_ENABLE_MODULES = YES;
				CLANG_ENABLE_OBJC_ARC = YES;
				CLANG_WARN_BOOL_CONVERSION = YES;
				CLANG_WARN_CONSTANT_CONVERSION = YES;
				CLANG_WARN_DIRECT_OBJC_ISA_USAGE = YES_ERROR;
				CLANG_WARN_EMPTY_BODY = YES;
				CLANG_WARN_ENUM_CONVERSION = YES;
				CLANG_WARN_INT_CONVERSION = YES;
				CLANG_WARN_OBJC_ROOT_CLASS = YES_ERROR;
				CLANG_WARN_UNREACHABLE_CODE = YES;
				CLANG_WARN__DUPLICATE_METHOD_MATCH = YES;
				"CODE_SIGN_IDENTITY[sdk=iphoneos*]" = "iPhone Developer";
				COPY_PHASE_STRIP = NO;
				DEBUG_INFORMATION_FORMAT = "dwarf-with-dsym";
				ENABLE_NS_ASSERTIONS = NO;
				ENABLE_STRICT_OBJC_MSGSEND = YES;
				GCC_C_LANGUAGE_STANDARD = gnu99;
				GCC_NO_COMMON_BLOCKS = YES;
				GCC_WARN_64_TO_32_BIT_CONVERSION = YES;
				GCC_WARN_ABOUT_RETURN_TYPE = YES_ERROR;
				GCC_WARN_UNDECLARED_SELECTOR = YES;
				GCC_WARN_UNINITIALIZED_AUTOS = YES_AGGRESSIVE;
				GCC_WARN_UNUSED_FUNCTION = YES;
				GCC_WARN_UNUSED_VARIABLE = YES;
				IPHONEOS_DEPLOYMENT_TARGET = 9.3;
				MTL_ENABLE_DEBUG_INFO = NO;
				SDKROOT = iphoneos;
				VALIDATE_PRODUCT = YES;
			};
			name = Release;
		};
		B176F59F1DB4B769008D91F2 /* Debug */ = {
			isa = XCBuildConfiguration;
			baseConfigurationReference = E7937B6F89056175393CED5D /* Pods.debug.xcconfig */;
			buildSettings = {
				ASSETCATALOG_COMPILER_APPICON_NAME = AppIcon;
				CODE_SIGN_IDENTITY = "iPhone Developer";
				ENABLE_BITCODE = NO;
				INFOPLIST_FILE = "$(SRCROOT)/tantanIM/Classes/Other/Info.plist";
				IPHONEOS_DEPLOYMENT_TARGET = 9.2;
				LD_RUNPATH_SEARCH_PATHS = "$(inherited) @executable_path/Frameworks";
				LIBRARY_SEARCH_PATHS = (
					"$(inherited)",
					"$(PROJECT_DIR)/tantanIM/Classes/Lib/HyphenateFullSDK/lib",
				);
				PRODUCT_BUNDLE_IDENTIFIER = com.e6878.tantanIM;
				PRODUCT_NAME = "$(TARGET_NAME)";
			};
			name = Debug;
		};
		B176F5A01DB4B769008D91F2 /* Release */ = {
			isa = XCBuildConfiguration;
			baseConfigurationReference = C3CBB9C7B7CC96315C38AE96 /* Pods.release.xcconfig */;
			buildSettings = {
				ASSETCATALOG_COMPILER_APPICON_NAME = AppIcon;
				CODE_SIGN_IDENTITY = "iPhone Developer";
				ENABLE_BITCODE = NO;
				INFOPLIST_FILE = "$(SRCROOT)/tantanIM/Classes/Other/Info.plist";
				IPHONEOS_DEPLOYMENT_TARGET = 9.2;
				LD_RUNPATH_SEARCH_PATHS = "$(inherited) @executable_path/Frameworks";
				LIBRARY_SEARCH_PATHS = (
					"$(inherited)",
					"$(PROJECT_DIR)/tantanIM/Classes/Lib/HyphenateFullSDK/lib",
				);
				PRODUCT_BUNDLE_IDENTIFIER = com.e6878.tantanIM;
				PRODUCT_NAME = "$(TARGET_NAME)";
			};
			name = Release;
		};
/* End XCBuildConfiguration section */

/* Begin XCConfigurationList section */
		B176F5821DB4B769008D91F2 /* Build configuration list for PBXProject "tantanIM" */ = {
			isa = XCConfigurationList;
			buildConfigurations = (
				B176F59C1DB4B769008D91F2 /* Debug */,
				B176F59D1DB4B769008D91F2 /* Release */,
			);
			defaultConfigurationIsVisible = 0;
			defaultConfigurationName = Release;
		};
		B176F59E1DB4B769008D91F2 /* Build configuration list for PBXNativeTarget "tantanIM" */ = {
			isa = XCConfigurationList;
			buildConfigurations = (
				B176F59F1DB4B769008D91F2 /* Debug */,
				B176F5A01DB4B769008D91F2 /* Release */,
			);
			defaultConfigurationIsVisible = 0;
			defaultConfigurationName = Release;
		};
/* End XCConfigurationList section */
	};
	rootObject = B176F57F1DB4B769008D91F2 /* Project object */;
}
